// !$*UTF8*$!
{
	archiveVersion = 1;
	classes = {
	};
	objectVersion = 55;
	objects = {

/* Begin PBXBuildFile section */
		EF80CFB027E2B86900F097C9 /* FindCoronaCenterApp.swift in Sources */ = {isa = PBXBuildFile; fileRef = EF80CFAF27E2B86900F097C9 /* FindCoronaCenterApp.swift */; };
		EF80CFB427E2B86A00F097C9 /* Assets.xcassets in Resources */ = {isa = PBXBuildFile; fileRef = EF80CFB327E2B86A00F097C9 /* Assets.xcassets */; };
		EF80CFB727E2B86A00F097C9 /* Preview Assets.xcassets in Resources */ = {isa = PBXBuildFile; fileRef = EF80CFB627E2B86A00F097C9 /* Preview Assets.xcassets */; };
		EF80CFBE27E2B8D600F097C9 /* CenterAPIReponse.swift in Sources */ = {isa = PBXBuildFile; fileRef = EF80CFBD27E2B8D600F097C9 /* CenterAPIReponse.swift */; };
		EF80CFC227E2B95500F097C9 /* Center.swift in Sources */ = {isa = PBXBuildFile; fileRef = EF80CFC127E2B95500F097C9 /* Center.swift */; };
		EF80CFC427E2BBF600F097C9 /* CenterAPI.swift in Sources */ = {isa = PBXBuildFile; fileRef = EF80CFC327E2BBF600F097C9 /* CenterAPI.swift */; };
		EF80CFC727E2BD3F00F097C9 /* CenterNetwork.swift in Sources */ = {isa = PBXBuildFile; fileRef = EF80CFC627E2BD3F00F097C9 /* CenterNetwork.swift */; };
		EF80CFC927E2C05400F097C9 /* SelectRegionView.swift in Sources */ = {isa = PBXBuildFile; fileRef = EF80CFC827E2C05400F097C9 /* SelectRegionView.swift */; };
		EF80CFCB27E2C06D00F097C9 /* SelectRegionViewModel.swift in Sources */ = {isa = PBXBuildFile; fileRef = EF80CFCA27E2C06D00F097C9 /* SelectRegionViewModel.swift */; };
		EF80CFCD27E2C3CC00F097C9 /* SelectRegionItem.swift in Sources */ = {isa = PBXBuildFile; fileRef = EF80CFCC27E2C3CC00F097C9 /* SelectRegionItem.swift */; };
		EF80CFD027E3284600F097C9 /* CenterRow.swift in Sources */ = {isa = PBXBuildFile; fileRef = EF80CFCF27E3284600F097C9 /* CenterRow.swift */; };
		EFDA5C4027E6BDCF00A1D305 /* CenterList.swift in Sources */ = {isa = PBXBuildFile; fileRef = EFDA5C3F27E6BDCF00A1D305 /* CenterList.swift */; };
		EFDA5C4427E6C91600A1D305 /* MapView.swift in Sources */ = {isa = PBXBuildFile; fileRef = EFDA5C4327E6C91600A1D305 /* MapView.swift */; };
		EFDA5C4627E6CCB500A1D305 /* CenterDetailView.swift in Sources */ = {isa = PBXBuildFile; fileRef = EFDA5C4527E6CCB500A1D305 /* CenterDetailView.swift */; };
/* End PBXBuildFile section */

/* Begin PBXFileReference section */
		EF80CFAC27E2B86900F097C9 /* FindCoronaCenter.app */ = {isa = PBXFileReference; explicitFileType = wrapper.application; includeInIndex = 0; path = FindCoronaCenter.app; sourceTree = BUILT_PRODUCTS_DIR; };
		EF80CFAF27E2B86900F097C9 /* FindCoronaCenterApp.swift */ = {isa = PBXFileReference; lastKnownFileType = sourcecode.swift; path = FindCoronaCenterApp.swift; sourceTree = "<group>"; };
		EF80CFB327E2B86A00F097C9 /* Assets.xcassets */ = {isa = PBXFileReference; lastKnownFileType = folder.assetcatalog; path = Assets.xcassets; sourceTree = "<group>"; };
		EF80CFB627E2B86A00F097C9 /* Preview Assets.xcassets */ = {isa = PBXFileReference; lastKnownFileType = folder.assetcatalog; path = "Preview Assets.xcassets"; sourceTree = "<group>"; };
		EF80CFBD27E2B8D600F097C9 /* CenterAPIReponse.swift */ = {isa = PBXFileReference; lastKnownFileType = sourcecode.swift; path = CenterAPIReponse.swift; sourceTree = "<group>"; };
		EF80CFC127E2B95500F097C9 /* Center.swift */ = {isa = PBXFileReference; lastKnownFileType = sourcecode.swift; path = Center.swift; sourceTree = "<group>"; };
		EF80CFC327E2BBF600F097C9 /* CenterAPI.swift */ = {isa = PBXFileReference; lastKnownFileType = sourcecode.swift; path = CenterAPI.swift; sourceTree = "<group>"; };
		EF80CFC627E2BD3F00F097C9 /* CenterNetwork.swift */ = {isa = PBXFileReference; lastKnownFileType = sourcecode.swift; path = CenterNetwork.swift; sourceTree = "<group>"; };
		EF80CFC827E2C05400F097C9 /* SelectRegionView.swift */ = {isa = PBXFileReference; lastKnownFileType = sourcecode.swift; path = SelectRegionView.swift; sourceTree = "<group>"; };
		EF80CFCA27E2C06D00F097C9 /* SelectRegionViewModel.swift */ = {isa = PBXFileReference; lastKnownFileType = sourcecode.swift; path = SelectRegionViewModel.swift; sourceTree = "<group>"; };
		EF80CFCC27E2C3CC00F097C9 /* SelectRegionItem.swift */ = {isa = PBXFileReference; lastKnownFileType = sourcecode.swift; path = SelectRegionItem.swift; sourceTree = "<group>"; };
		EF80CFCF27E3284600F097C9 /* CenterRow.swift */ = {isa = PBXFileReference; lastKnownFileType = sourcecode.swift; path = CenterRow.swift; sourceTree = "<group>"; };
		EFDA5C3F27E6BDCF00A1D305 /* CenterList.swift */ = {isa = PBXFileReference; lastKnownFileType = sourcecode.swift; path = CenterList.swift; sourceTree = "<group>"; };
		EFDA5C4327E6C91600A1D305 /* MapView.swift */ = {isa = PBXFileReference; lastKnownFileType = sourcecode.swift; path = MapView.swift; sourceTree = "<group>"; };
		EFDA5C4527E6CCB500A1D305 /* CenterDetailView.swift */ = {isa = PBXFileReference; lastKnownFileType = sourcecode.swift; path = CenterDetailView.swift; sourceTree = "<group>"; };
/* End PBXFileReference section */

/* Begin PBXFrameworksBuildPhase section */
		EF80CFA927E2B86900F097C9 /* Frameworks */ = {
			isa = PBXFrameworksBuildPhase;
			buildActionMask = 2147483647;
			files = (
			);
			runOnlyForDeploymentPostprocessing = 0;
		};
/* End PBXFrameworksBuildPhase section */

/* Begin PBXGroup section */
		EF80CFA327E2B86900F097C9 = {
			isa = PBXGroup;
			children = (
				EF80CFAE27E2B86900F097C9 /* FindCoronaCenter */,
				EF80CFAD27E2B86900F097C9 /* Products */,
			);
			sourceTree = "<group>";
		};
		EF80CFAD27E2B86900F097C9 /* Products */ = {
			isa = PBXGroup;
			children = (
				EF80CFAC27E2B86900F097C9 /* FindCoronaCenter.app */,
			);
			name = Products;
			sourceTree = "<group>";
		};
		EF80CFAE27E2B86900F097C9 /* FindCoronaCenter */ = {
			isa = PBXGroup;
			children = (
				EF80CFAF27E2B86900F097C9 /* FindCoronaCenterApp.swift */,
				EF80CFB327E2B86A00F097C9 /* Assets.xcassets */,
				EF80CFB527E2B86A00F097C9 /* Preview Content */,
				EF80CFC027E2B8F100F097C9 /* Entities */,
				EF80CFC527E2BC5000F097C9 /* Network */,
				EF80CFCE27E2C63F00F097C9 /* Presentation */,
			);
			path = FindCoronaCenter;
			sourceTree = "<group>";
		};
		EF80CFB527E2B86A00F097C9 /* Preview Content */ = {
			isa = PBXGroup;
			children = (
				EF80CFB627E2B86A00F097C9 /* Preview Assets.xcassets */,
			);
			path = "Preview Content";
			sourceTree = "<group>";
		};
		EF80CFC027E2B8F100F097C9 /* Entities */ = {
			isa = PBXGroup;
			children = (
				EF80CFBD27E2B8D600F097C9 /* CenterAPIReponse.swift */,
				EF80CFC127E2B95500F097C9 /* Center.swift */,
			);
			path = Entities;
			sourceTree = "<group>";
		};
		EF80CFC527E2BC5000F097C9 /* Network */ = {
			isa = PBXGroup;
			children = (
				EF80CFC327E2BBF600F097C9 /* CenterAPI.swift */,
				EF80CFC627E2BD3F00F097C9 /* CenterNetwork.swift */,
			);
			path = Network;
			sourceTree = "<group>";
		};
		EF80CFCE27E2C63F00F097C9 /* Presentation */ = {
			isa = PBXGroup;
			children = (
				EFDA5C4227E6C8CD00A1D305 /* SelectRegionView */,
				EFDA5C4127E6C8C400A1D305 /* CenterList */,
				EFDA5C4327E6C91600A1D305 /* MapView.swift */,
				EFDA5C4527E6CCB500A1D305 /* CenterDetailView.swift */,
			);
			path = Presentation;
			sourceTree = "<group>";
		};
		EFDA5C4127E6C8C400A1D305 /* CenterList */ = {
			isa = PBXGroup;
			children = (
				EF80CFCF27E3284600F097C9 /* CenterRow.swift */,
				EFDA5C3F27E6BDCF00A1D305 /* CenterList.swift */,
			);
			path = CenterList;
			sourceTree = "<group>";
		};
		EFDA5C4227E6C8CD00A1D305 /* SelectRegionView */ = {
			isa = PBXGroup;
			children = (
				EF80CFC827E2C05400F097C9 /* SelectRegionView.swift */,
				EF80CFCA27E2C06D00F097C9 /* SelectRegionViewModel.swift */,
				EF80CFCC27E2C3CC00F097C9 /* SelectRegionItem.swift */,
			);
			path = SelectRegionView;
			sourceTree = "<group>";
		};
/* End PBXGroup section */

/* Begin PBXNativeTarget section */
		EF80CFAB27E2B86900F097C9 /* FindCoronaCenter */ = {
			isa = PBXNativeTarget;
			buildConfigurationList = EF80CFBA27E2B86A00F097C9 /* Build configuration list for PBXNativeTarget "FindCoronaCenter" */;
			buildPhases = (
				EF80CFA827E2B86900F097C9 /* Sources */,
				EF80CFA927E2B86900F097C9 /* Frameworks */,
				EF80CFAA27E2B86900F097C9 /* Resources */,
			);
			buildRules = (
			);
			dependencies = (
			);
			name = FindCoronaCenter;
			productName = FindCoronaCenter;
			productReference = EF80CFAC27E2B86900F097C9 /* FindCoronaCenter.app */;
			productType = "com.apple.product-type.application";
		};
/* End PBXNativeTarget section */

/* Begin PBXProject section */
		EF80CFA427E2B86900F097C9 /* Project object */ = {
			isa = PBXProject;
			attributes = {
				BuildIndependentTargetsInParallel = 1;
				LastSwiftUpdateCheck = 1320;
				LastUpgradeCheck = 1320;
				TargetAttributes = {
					EF80CFAB27E2B86900F097C9 = {
						CreatedOnToolsVersion = 13.2.1;
					};
				};
			};
			buildConfigurationList = EF80CFA727E2B86900F097C9 /* Build configuration list for PBXProject "FindCoronaCenter" */;
			compatibilityVersion = "Xcode 13.0";
			developmentRegion = en;
			hasScannedForEncodings = 0;
			knownRegions = (
				en,
				Base,
			);
			mainGroup = EF80CFA327E2B86900F097C9;
			productRefGroup = EF80CFAD27E2B86900F097C9 /* Products */;
			projectDirPath = "";
			projectRoot = "";
			targets = (
				EF80CFAB27E2B86900F097C9 /* FindCoronaCenter */,
			);
		};
/* End PBXProject section */

/* Begin PBXResourcesBuildPhase section */
		EF80CFAA27E2B86900F097C9 /* Resources */ = {
			isa = PBXResourcesBuildPhase;
			buildActionMask = 2147483647;
			files = (
				EF80CFB727E2B86A00F097C9 /* Preview Assets.xcassets in Resources */,
				EF80CFB427E2B86A00F097C9 /* Assets.xcassets in Resources */,
			);
			runOnlyForDeploymentPostprocessing = 0;
		};
/* End PBXResourcesBuildPhase section */

/* Begin PBXSourcesBuildPhase section */
		EF80CFA827E2B86900F097C9 /* Sources */ = {
			isa = PBXSourcesBuildPhase;
			buildActionMask = 2147483647;
			files = (
				EF80CFC227E2B95500F097C9 /* Center.swift in Sources */,
				EFDA5C4427E6C91600A1D305 /* MapView.swift in Sources */,
				EF80CFCD27E2C3CC00F097C9 /* SelectRegionItem.swift in Sources */,
				EFDA5C4027E6BDCF00A1D305 /* CenterList.swift in Sources */,
				EF80CFC727E2BD3F00F097C9 /* CenterNetwork.swift in Sources */,
				EFDA5C4627E6CCB500A1D305 /* CenterDetailView.swift in Sources */,
				EF80CFD027E3284600F097C9 /* CenterRow.swift in Sources */,
				EF80CFC427E2BBF600F097C9 /* CenterAPI.swift in Sources */,
				EF80CFC927E2C05400F097C9 /* SelectRegionView.swift in Sources */,
				EF80CFB027E2B86900F097C9 /* FindCoronaCenterApp.swift in Sources */,
				EF80CFCB27E2C06D00F097C9 /* SelectRegionViewModel.swift in Sources */,
				EF80CFBE27E2B8D600F097C9 /* CenterAPIReponse.swift in Sources */,
			);
			runOnlyForDeploymentPostprocessing = 0;
		};
/* End PBXSourcesBuildPhase section */

/* Begin XCBuildConfiguration section */
		EF80CFB827E2B86A00F097C9 /* Debug */ = {
			isa = XCBuildConfiguration;
			buildSettings = {
				ALWAYS_SEARCH_USER_PATHS = NO;
				CLANG_ANALYZER_NONNULL = YES;
				CLANG_ANALYZER_NUMBER_OBJECT_CONVERSION = YES_AGGRESSIVE;
				CLANG_CXX_LANGUAGE_STANDARD = "gnu++17";
				CLANG_CXX_LIBRARY = "libc++";
				CLANG_ENABLE_MODULES = YES;
				CLANG_ENABLE_OBJC_ARC = YES;
				CLANG_ENABLE_OBJC_WEAK = YES;
				CLANG_WARN_BLOCK_CAPTURE_AUTORELEASING = YES;
				CLANG_WARN_BOOL_CONVERSION = YES;
				CLANG_WARN_COMMA = YES;
				CLANG_WARN_CONSTANT_CONVERSION = YES;
				CLANG_WARN_DEPRECATED_OBJC_IMPLEMENTATIONS = YES;
				CLANG_WARN_DIRECT_OBJC_ISA_USAGE = YES_ERROR;
				CLANG_WARN_DOCUMENTATION_COMMENTS = YES;
				CLANG_WARN_EMPTY_BODY = YES;
				CLANG_WARN_ENUM_CONVERSION = YES;
				CLANG_WARN_INFINITE_RECURSION = YES;
				CLANG_WARN_INT_CONVERSION = YES;
				CLANG_WARN_NON_LITERAL_NULL_CONVERSION = YES;
				CLANG_WARN_OBJC_IMPLICIT_RETAIN_SELF = YES;
				CLANG_WARN_OBJC_LITERAL_CONVERSION = YES;
				CLANG_WARN_OBJC_ROOT_CLASS = YES_ERROR;
				CLANG_WARN_QUOTED_INCLUDE_IN_FRAMEWORK_HEADER = YES;
				CLANG_WARN_RANGE_LOOP_ANALYSIS = YES;
				CLANG_WARN_STRICT_PROTOTYPES = YES;
				CLANG_WARN_SUSPICIOUS_MOVE = YES;
				CLANG_WARN_UNGUARDED_AVAILABILITY = YES_AGGRESSIVE;
				CLANG_WARN_UNREACHABLE_CODE = YES;
				CLANG_WARN__DUPLICATE_METHOD_MATCH = YES;
				COPY_PHASE_STRIP = NO;
				DEBUG_INFORMATION_FORMAT = dwarf;
				ENABLE_STRICT_OBJC_MSGSEND = YES;
				ENABLE_TESTABILITY = YES;
				GCC_C_LANGUAGE_STANDARD = gnu11;
				GCC_DYNAMIC_NO_PIC = NO;
				GCC_NO_COMMON_BLOCKS = YES;
				GCC_OPTIMIZATION_LEVEL = 0;
				GCC_PREPROCESSOR_DEFINITIONS = (
					"DEBUG=1",
					"$(inherited)",
				);
				GCC_WARN_64_TO_32_BIT_CONVERSION = YES;
				GCC_WARN_ABOUT_RETURN_TYPE = YES_ERROR;
				GCC_WARN_UNDECLARED_SELECTOR = YES;
				GCC_WARN_UNINITIALIZED_AUTOS = YES_AGGRESSIVE;
				GCC_WARN_UNUSED_FUNCTION = YES;
				GCC_WARN_UNUSED_VARIABLE = YES;
				IPHONEOS_DEPLOYMENT_TARGET = 15.2;
				MTL_ENABLE_DEBUG_INFO = INCLUDE_SOURCE;
				MTL_FAST_MATH = YES;
				ONLY_ACTIVE_ARCH = YES;
				SDKROOT = iphoneos;
				SWIFT_ACTIVE_COMPILATION_CONDITIONS = DEBUG;
				SWIFT_OPTIMIZATION_LEVEL = "-Onone";
			};
			name = Debug;
		};
		EF80CFB927E2B86A00F097C9 /* Release */ = {
			isa = XCBuildConfiguration;
			buildSettings = {
				ALWAYS_SEARCH_USER_PATHS = NO;
				CLANG_ANALYZER_NONNULL = YES;
				CLANG_ANALYZER_NUMBER_OBJECT_CONVERSION = YES_AGGRESSIVE;
				CLANG_CXX_LANGUAGE_STANDARD = "gnu++17";
				CLANG_CXX_LIBRARY = "libc++";
				CLANG_ENABLE_MODULES = YES;
				CLANG_ENABLE_OBJC_ARC = YES;
				CLANG_ENABLE_OBJC_WEAK = YES;
				CLANG_WARN_BLOCK_CAPTURE_AUTORELEASING = YES;
				CLANG_WARN_BOOL_CONVERSION = YES;
				CLANG_WARN_COMMA = YES;
				CLANG_WARN_CONSTANT_CONVERSION = YES;
				CLANG_WARN_DEPRECATED_OBJC_IMPLEMENTATIONS = YES;
				CLANG_WARN_DIRECT_OBJC_ISA_USAGE = YES_ERROR;
				CLANG_WARN_DOCUMENTATION_COMMENTS = YES;
				CLANG_WARN_EMPTY_BODY = YES;
				CLANG_WARN_ENUM_CONVERSION = YES;
				CLANG_WARN_INFINITE_RECURSION = YES;
				CLANG_WARN_INT_CONVERSION = YES;
				CLANG_WARN_NON_LITERAL_NULL_CONVERSION = YES;
				CLANG_WARN_OBJC_IMPLICIT_RETAIN_SELF = YES;
				CLANG_WARN_OBJC_LITERAL_CONVERSION = YES;
				CLANG_WARN_OBJC_ROOT_CLASS = YES_ERROR;
				CLANG_WARN_QUOTED_INCLUDE_IN_FRAMEWORK_HEADER = YES;
				CLANG_WARN_RANGE_LOOP_ANALYSIS = YES;
				CLANG_WARN_STRICT_PROTOTYPES = YES;
				CLANG_WARN_SUSPICIOUS_MOVE = YES;
				CLANG_WARN_UNGUARDED_AVAILABILITY = YES_AGGRESSIVE;
				CLANG_WARN_UNREACHABLE_CODE = YES;
				CLANG_WARN__DUPLICATE_METHOD_MATCH = YES;
				COPY_PHASE_STRIP = NO;
				DEBUG_INFORMATION_FORMAT = "dwarf-with-dsym";
				ENABLE_NS_ASSERTIONS = NO;
				ENABLE_STRICT_OBJC_MSGSEND = YES;
				GCC_C_LANGUAGE_STANDARD = gnu11;
				GCC_NO_COMMON_BLOCKS = YES;
				GCC_WARN_64_TO_32_BIT_CONVERSION = YES;
				GCC_WARN_ABOUT_RETURN_TYPE = YES_ERROR;
				GCC_WARN_UNDECLARED_SELECTOR = YES;
				GCC_WARN_UNINITIALIZED_AUTOS = YES_AGGRESSIVE;
				GCC_WARN_UNUSED_FUNCTION = YES;
				GCC_WARN_UNUSED_VARIABLE = YES;
				IPHONEOS_DEPLOYMENT_TARGET = 15.2;
				MTL_ENABLE_DEBUG_INFO = NO;
				MTL_FAST_MATH = YES;
				SDKROOT = iphoneos;
				SWIFT_COMPILATION_MODE = wholemodule;
				SWIFT_OPTIMIZATION_LEVEL = "-O";
				VALIDATE_PRODUCT = YES;
			};
			name = Release;
		};
		EF80CFBB27E2B86A00F097C9 /* Debug */ = {
			isa = XCBuildConfiguration;
			buildSettings = {
				ASSETCATALOG_COMPILER_APPICON_NAME = AppIcon;
				ASSETCATALOG_COMPILER_GLOBAL_ACCENT_COLOR_NAME = AccentColor;
				CODE_SIGN_STYLE = Automatic;
				CURRENT_PROJECT_VERSION = 1;
				DEVELOPMENT_ASSET_PATHS = "\"FindCoronaCenter/Preview Content\"";
				DEVELOPMENT_TEAM = MA35V5PR3U;
				ENABLE_PREVIEWS = YES;
				GENERATE_INFOPLIST_FILE = YES;
				INFOPLIST_KEY_UIApplicationSceneManifest_Generation = YES;
				INFOPLIST_KEY_UIApplicationSupportsIndirectInputEvents = YES;
				INFOPLIST_KEY_UILaunchScreen_Generation = YES;
				INFOPLIST_KEY_UISupportedInterfaceOrientations_iPad = "UIInterfaceOrientationPortrait UIInterfaceOrientationPortraitUpsideDown UIInterfaceOrientationLandscapeLeft UIInterfaceOrientationLandscapeRight";
				INFOPLIST_KEY_UISupportedInterfaceOrientations_iPhone = "UIInterfaceOrientationPortrait UIInterfaceOrientationLandscapeLeft UIInterfaceOrientationLandscapeRight";
				LD_RUNPATH_SEARCH_PATHS = (
					"$(inherited)",
					"@executable_path/Frameworks",
				);
				MARKETING_VERSION = 1.0;
				PRODUCT_BUNDLE_IDENTIFIER = rlatkddms.FindCoronaCenter;
				PRODUCT_NAME = "$(TARGET_NAME)";
				SWIFT_EMIT_LOC_STRINGS = YES;
				SWIFT_VERSION = 5.0;
				TARGETED_DEVICE_FAMILY = "1,2";
			};
			name = Debug;
		};
		EF80CFBC27E2B86A00F097C9 /* Release */ = {
			isa = XCBuildConfiguration;
			buildSettings = {
				ASSETCATALOG_COMPILER_APPICON_NAME = AppIcon;
				ASSETCATALOG_COMPILER_GLOBAL_ACCENT_COLOR_NAME = AccentColor;
				CODE_SIGN_STYLE = Automatic;
				CURRENT_PROJECT_VERSION = 1;
				DEVELOPMENT_ASSET_PATHS = "\"FindCoronaCenter/Preview Content\"";
				DEVELOPMENT_TEAM = MA35V5PR3U;
				ENABLE_PREVIEWS = YES;
				GENERATE_INFOPLIST_FILE = YES;
				INFOPLIST_KEY_UIApplicationSceneManifest_Generation = YES;
				INFOPLIST_KEY_UIApplicationSupportsIndirectInputEvents = YES;
				INFOPLIST_KEY_UILaunchScreen_Generation = YES;
				INFOPLIST_KEY_UISupportedInterfaceOrientations_iPad = "UIInterfaceOrientationPortrait UIInterfaceOrientationPortraitUpsideDown UIInterfaceOrientationLandscapeLeft UIInterfaceOrientationLandscapeRight";
				INFOPLIST_KEY_UISupportedInterfaceOrientations_iPhone = "UIInterfaceOrientationPortrait UIInterfaceOrientationLandscapeLeft UIInterfaceOrientationLandscapeRight";
				LD_RUNPATH_SEARCH_PATHS = (
					"$(inherited)",
					"@executable_path/Frameworks",
				);
				MARKETING_VERSION = 1.0;
				PRODUCT_BUNDLE_IDENTIFIER = rlatkddms.FindCoronaCenter;
				PRODUCT_NAME = "$(TARGET_NAME)";
				SWIFT_EMIT_LOC_STRINGS = YES;
				SWIFT_VERSION = 5.0;
				TARGETED_DEVICE_FAMILY = "1,2";
			};
			name = Release;
		};
/* End XCBuildConfiguration section */

/* Begin XCConfigurationList section */
		EF80CFA727E2B86900F097C9 /* Build configuration list for PBXProject "FindCoronaCenter" */ = {
			isa = XCConfigurationList;
			buildConfigurations = (
				EF80CFB827E2B86A00F097C9 /* Debug */,
				EF80CFB927E2B86A00F097C9 /* Release */,
			);
			defaultConfigurationIsVisible = 0;
			defaultConfigurationName = Release;
		};
		EF80CFBA27E2B86A00F097C9 /* Build configuration list for PBXNativeTarget "FindCoronaCenter" */ = {
			isa = XCConfigurationList;
			buildConfigurations = (
				EF80CFBB27E2B86A00F097C9 /* Debug */,
				EF80CFBC27E2B86A00F097C9 /* Release */,
			);
			defaultConfigurationIsVisible = 0;
			defaultConfigurationName = Release;
		};
/* End XCConfigurationList section */
	};
	rootObject = EF80CFA427E2B86900F097C9 /* Project object */;
}
